
Microsoft Visual Studio Solution File, Format Version 12.00
# Visual Studio Version 16
VisualStudioVersion = 16.0.30320.27
MinimumVisualStudioVersion = 10.0.40219.1
Project("{8BC9CEB8-8B4A-11D0-8D11-00A0C91BC942}") = "AsynchronousSelect", "AsynchronousSelect.vcxproj", "{A95EEFA7-E0CC-4FB4-A59E-CFE8DA1D1F48}"
EndProject
Global
	GlobalSection(SolutionConfigurationPlatforms) = preSolution
		Debug|x64 = Debug|x64
		Debug|x86 = Debug|x86
		Release|x64 = Release|x64
		Release|x86 = Release|x86
	EndGlobalSection
	GlobalSection(ProjectConfigurationPlatforms) = postSolution
		{A95EEFA7-E0CC-4FB4-A59E-CFE8DA1D1F48}.Debug|x64.ActiveCfg = Debug|x64
		{A95EEFA7-E0CC-4FB4-A59E-CFE8DA1D1F48}.Debug|x64.Build.0 = Debug|x64
		{A95EEFA7-E0CC-4FB4-A59E-CFE8DA1D1F48}.Debug|x86.ActiveCfg = Debug|Win32
		{A95EEFA7-E0CC-4FB4-A59E-CFE8DA1D1F48}.Debug|x86.Build.0 = Debug|Win32
		{A95EEFA7-E0CC-4FB4-A59E-CFE8DA1D1F48}.Release|x64.ActiveCfg = Release|x64
		{A95EEFA7-E0CC-4FB4-A59E-CFE8DA1D1F48}.Release|x64.Build.0 = Release|x64
		{A95EEFA7-E0CC-4FB4-A59E-CFE8DA1D1F48}.Release|x86.ActiveCfg = Release|Win32
		{A95EEFA7-E0CC-4FB4-A59E-CFE8DA1D1F48}.Release|x86.Build.0 = Release|Win32
	EndGlobalSection
	GlobalSection(SolutionProperties) = preSolution
		HideSolutionNode = FALSE
	EndGlobalSection
	GlobalSection(ExtensibilityGlobals) = postSolution
		SolutionGuid = {1B6885DB-1F19-4F10-9CAF-0B76B5952871}
	EndGlobalSection
EndGlobal
